
Microsoft Visual Studio Solution File, Format Version 12.00
# Visual Studio 15
VisualStudioVersion = 15.0.28307.271
MinimumVisualStudioVersion = 10.0.40219.1
Project("{FAE04EC0-301F-11D3-BF4B-00C04F79EFBC}") = "Vic.SportsStore.WebApp", "Vic.SportsStore.WebApp\Vic.SportsStore.WebApp.csproj", "{3A9E0DA4-2E2A-4384-B43B-59E288D5CCE0}"
EndProject
Project("{FAE04EC0-301F-11D3-BF4B-00C04F79EFBC}") = "Vic.SportsStore.Domain", "Vic.SportsStore.Domain\Vic.SportsStore.Domain.csproj", "{558182F7-B0F9-4217-B020-6AAE94EBF660}"
EndProject
Global
	GlobalSection(SolutionConfigurationPlatforms) = preSolution
		Debug|Any CPU = Debug|Any CPU
		Release|Any CPU = Release|Any CPU
	EndGlobalSection
	GlobalSection(ProjectConfigurationPlatforms) = postSolution
		{3A9E0DA4-2E2A-4384-B43B-59E288D5CCE0}.Debug|Any CPU.ActiveCfg = Debug|Any CPU
		{3A9E0DA4-2E2A-4384-B43B-59E288D5CCE0}.Debug|Any CPU.Build.0 = Debug|Any CPU
		{3A9E0DA4-2E2A-4384-B43B-59E288D5CCE0}.Release|Any CPU.ActiveCfg = Release|Any CPU
		{3A9E0DA4-2E2A-4384-B43B-59E288D5CCE0}.Release|Any CPU.Build.0 = Release|Any CPU
		{558182F7-B0F9-4217-B020-6AAE94EBF660}.Debug|Any CPU.ActiveCfg = Debug|Any CPU
		{558182F7-B0F9-4217-B020-6AAE94EBF660}.Debug|Any CPU.Build.0 = Debug|Any CPU
		{558182F7-B0F9-4217-B020-6AAE94EBF660}.Release|Any CPU.ActiveCfg = Release|Any CPU
		{558182F7-B0F9-4217-B020-6AAE94EBF660}.Release|Any CPU.Build.0 = Release|Any CPU
	EndGlobalSection
	GlobalSection(SolutionProperties) = preSolution
		HideSolutionNode = FALSE
	EndGlobalSection
	GlobalSection(ExtensibilityGlobals) = postSolution
		SolutionGuid = {D60364B1-587A-4B04-A003-372F13670BB0}
	EndGlobalSection
EndGlobal
